# THIS IS AN AUTOGENERATED FILE. DO NOT EDIT THIS FILE DIRECTLY.
# yarn lockfile v1


"@tauri-apps/api@^2.10.0":
  version "2.10.1"
  resolved "https://registry.npmjs.org/@tauri-apps/api/-/api-2.10.1.tgz"
  integrity sha512-hKL/jWf293UDSUN09rR69hrToyIXBb8CjGaWC7gfinvnQrBVvnLr08FeFi38gxtugAVyVcTa5/FD/Xnkb1siBw==

"@tauri-apps/cli-win32-x64-msvc@2.10.1":
  version "2.10.1"
  resolved "https://registry.npmjs.org/@tauri-apps/cli-win32-x64-msvc/-/cli-win32-x64-msvc-2.10.1.tgz"
  integrity sha512-6Cn7YpPFwzChy0ERz6djKEmUehWrYlM+xTaNzGPgZocw3BD7OfwfWHKVWxXzdjEW2KfKkHddfdxK1XXTYqBRLg==

"@tauri-apps/cli@^2.10.0":
  version "2.10.1"
  resolved "https://registry.npmjs.org/@tauri-apps/cli/-/cli-2.10.1.tgz"
  integrity sha512-jQNGF/5quwORdZSSLtTluyKQ+o6SMa/AUICfhf4egCGFdMHqWssApVgYSbg+jmrZoc8e1DscNvjTnXtlHLS11g==
  optionalDependencies:
    "@tauri-apps/cli-darwin-arm64" "2.10.1"
    "@tauri-apps/cli-darwin-x64" "2.10.1"
    "@tauri-apps/cli-linux-arm-gnueabihf" "2.10.1"
    "@tauri-apps/cli-linux-arm64-gnu" "2.10.1"
    "@tauri-apps/cli-linux-arm64-musl" "2.10.1"
    "@tauri-apps/cli-linux-riscv64-gnu" "2.10.1"
    "@tauri-apps/cli-linux-x64-gnu" "2.10.1"
    "@tauri-apps/cli-linux-x64-musl" "2.10.1"
    "@tauri-apps/cli-win32-arm64-msvc" "2.10.1"
    "@tauri-apps/cli-win32-ia32-msvc" "2.10.1"
    "@tauri-apps/cli-win32-x64-msvc" "2.10.1"
