# THIS IS AN AUTOGENERATED FILE. DO NOT EDIT THIS FILE DIRECTLY.
# yarn lockfile v1


"@tauri-apps/api@^2.9.0":
  version "2.9.0"
  resolved "https://registry.yarnpkg.com/@tauri-apps/api/-/api-2.9.0.tgz#047fcbfec05a719b0cec997eee244cee453fb2fc"
  integrity sha512-qD5tMjh7utwBk9/5PrTA/aGr3i5QaJ/Mlt7p8NilQ45WgbifUNPyKWsA63iQ8YfQq6R8ajMapU+/Q8nMcPRLNw==
